
Microsoft Visual Studio Solution File, Format Version 12.00
# Visual Studio Version 17
VisualStudioVersion = 17.14.36623.8
MinimumVisualStudioVersion = 10.0.40219.1
Project("{FAE04EC0-301F-11D3-BF4B-00C04F79EFBC}") = "KP_Sistema.API", "KP_Sistema.API\KP_Sistema.API.csproj", "{21148832-20A7-4634-B18A-68475F80273A}"
EndProject
Project("{FAE04EC0-301F-11D3-BF4B-00C04F79EFBC}") = "KP_Sistema.BLL", "KP_Sistema.BLL\KP_Sistema.BLL.csproj", "{347CCF1A-2070-4DBB-9461-C9A5E4B85A29}"
EndProject
Project("{FAE04EC0-301F-11D3-BF4B-00C04F79EFBC}") = "KP_Sistema.CLIENT", "KP_Sistema.CLIENT\KP_Sistema.CLIENT.csproj", "{EBA15229-0D93-4777-931F-0E48EB0A8E26}"
EndProject
Project("{FAE04EC0-301F-11D3-BF4B-00C04F79EFBC}") = "KP_Sistema.DATA", "KP_Sistema.DATA\KP_Sistema.DATA.csproj", "{51494A94-5801-4344-BA59-6C3E5F311BBE}"
EndProject
Project("{E53339B2-1760-4266-BCC7-CA923CBCF16C}") = "docker-compose", "docker-compose.dcproj", "{81DDED9D-158B-E303-5F62-77A2896D2A5A}"
EndProject
Project("{FAE04EC0-301F-11D3-BF4B-00C04F79EFBC}") = "KP_Sistema.CONTRACTS", "KP_Sistema.CONTRACTS\KP_Sistema.CONTRACTS.csproj", "{88D580F9-DFC7-79F8-4E56-6A1ACC2771CB}"
EndProject
Global
	GlobalSection(SolutionConfigurationPlatforms) = preSolution
		Debug|Any CPU = Debug|Any CPU
		Release|Any CPU = Release|Any CPU
	EndGlobalSection
	GlobalSection(ProjectConfigurationPlatforms) = postSolution
		{21148832-20A7-4634-B18A-68475F80273A}.Debug|Any CPU.ActiveCfg = Debug|Any CPU
		{21148832-20A7-4634-B18A-68475F80273A}.Debug|Any CPU.Build.0 = Debug|Any CPU
		{21148832-20A7-4634-B18A-68475F80273A}.Release|Any CPU.ActiveCfg = Release|Any CPU
		{21148832-20A7-4634-B18A-68475F80273A}.Release|Any CPU.Build.0 = Release|Any CPU
		{347CCF1A-2070-4DBB-9461-C9A5E4B85A29}.Debug|Any CPU.ActiveCfg = Debug|Any CPU
		{347CCF1A-2070-4DBB-9461-C9A5E4B85A29}.Debug|Any CPU.Build.0 = Debug|Any CPU
		{347CCF1A-2070-4DBB-9461-C9A5E4B85A29}.Release|Any CPU.ActiveCfg = Release|Any CPU
		{347CCF1A-2070-4DBB-9461-C9A5E4B85A29}.Release|Any CPU.Build.0 = Release|Any CPU
		{EBA15229-0D93-4777-931F-0E48EB0A8E26}.Debug|Any CPU.ActiveCfg = Debug|Any CPU
		{EBA15229-0D93-4777-931F-0E48EB0A8E26}.Debug|Any CPU.Build.0 = Debug|Any CPU
		{EBA15229-0D93-4777-931F-0E48EB0A8E26}.Release|Any CPU.ActiveCfg = Release|Any CPU
		{EBA15229-0D93-4777-931F-0E48EB0A8E26}.Release|Any CPU.Build.0 = Release|Any CPU
		{51494A94-5801-4344-BA59-6C3E5F311BBE}.Debug|Any CPU.ActiveCfg = Debug|Any CPU
		{51494A94-5801-4344-BA59-6C3E5F311BBE}.Debug|Any CPU.Build.0 = Debug|Any CPU
		{51494A94-5801-4344-BA59-6C3E5F311BBE}.Release|Any CPU.ActiveCfg = Release|Any CPU
		{51494A94-5801-4344-BA59-6C3E5F311BBE}.Release|Any CPU.Build.0 = Release|Any CPU
		{81DDED9D-158B-E303-5F62-77A2896D2A5A}.Debug|Any CPU.ActiveCfg = Debug|Any CPU
		{81DDED9D-158B-E303-5F62-77A2896D2A5A}.Debug|Any CPU.Build.0 = Debug|Any CPU
		{81DDED9D-158B-E303-5F62-77A2896D2A5A}.Release|Any CPU.ActiveCfg = Release|Any CPU
		{81DDED9D-158B-E303-5F62-77A2896D2A5A}.Release|Any CPU.Build.0 = Release|Any CPU
		{88D580F9-DFC7-79F8-4E56-6A1ACC2771CB}.Debug|Any CPU.ActiveCfg = Debug|Any CPU
		{88D580F9-DFC7-79F8-4E56-6A1ACC2771CB}.Debug|Any CPU.Build.0 = Debug|Any CPU
		{88D580F9-DFC7-79F8-4E56-6A1ACC2771CB}.Release|Any CPU.ActiveCfg = Release|Any CPU
		{88D580F9-DFC7-79F8-4E56-6A1ACC2771CB}.Release|Any CPU.Build.0 = Release|Any CPU
	EndGlobalSection
	GlobalSection(SolutionProperties) = preSolution
		HideSolutionNode = FALSE
	EndGlobalSection
	GlobalSection(ExtensibilityGlobals) = postSolution
		SolutionGuid = {DFF65EBC-EA0B-4C19-8EEC-3FD604DF6B59}
	EndGlobalSection
EndGlobal
